
Microsoft Visual Studio Solution File, Format Version 12.00
# Visual Studio Version 17
VisualStudioVersion = 17.3.32804.467
MinimumVisualStudioVersion = 10.0.40219.1
Project("{FAE04EC0-301F-11D3-BF4B-00C04F79EFBC}") = "GameProject", "GameProject\GameProject.csproj", "{9CF9094B-D162-483F-A9DC-79F348CC1417}"
EndProject
Global
	GlobalSection(SolutionConfigurationPlatforms) = preSolution
		Debug|Any CPU = Debug|Any CPU
		Release|Any CPU = Release|Any CPU
	EndGlobalSection
	GlobalSection(ProjectConfigurationPlatforms) = postSolution
		{9CF9094B-D162-483F-A9DC-79F348CC1417}.Debug|Any CPU.ActiveCfg = Debug|Any CPU
		{9CF9094B-D162-483F-A9DC-79F348CC1417}.Debug|Any CPU.Build.0 = Debug|Any CPU
		{9CF9094B-D162-483F-A9DC-79F348CC1417}.Release|Any CPU.ActiveCfg = Release|Any CPU
		{9CF9094B-D162-483F-A9DC-79F348CC1417}.Release|Any CPU.Build.0 = Release|Any CPU
	EndGlobalSection
	GlobalSection(SolutionProperties) = preSolution
		HideSolutionNode = FALSE
	EndGlobalSection
	GlobalSection(ExtensibilityGlobals) = postSolution
		SolutionGuid = {96365CE0-A311-4948-BB86-7D2B3176FC3F}
	EndGlobalSection
EndGlobal
